# This file is automatically @generated by Cargo.
# It is not intended for manual editing.
version = 4

[[package]]
name = "refal"
version = "0.10.0"
dependencies = [
 "refal-ast",
 "refal-core",
 "refal-runtime",
 "refal-semantics",
 "refal-syntax",
]

[[package]]
name = "refal-ast"
version = "0.10.0"

[[package]]
name = "refal-core"
version = "0.10.0"
dependencies = [
 "refal-ast",
]

[[package]]
name = "refal-runtime"
version = "0.10.0"
dependencies = [
 "refal-ast",
]

[[package]]
name = "refal-semantics"
version = "0.10.0"
dependencies = [
 "refal-ast",
]

[[package]]
name = "refal-syntax"
version = "0.10.0"
dependencies = [
 "refal-ast",
]

[[package]]
name = "xtask"
version = "0.10.0"
